{
  "lib/forge-std": {
    "rev": "b8f065fda83b8cd94a6b2fec8fcd911dc3b444fd"
  },
  "lib/openzeppelin-contracts-upgradeable": {
    "rev": "2d081f24cac1a867f6f73d512f2022e1fa987854"
  },
  "lib/rain.factory": {
    "rev": "3e286c742a2ddb3665c0ecb8f225f22ae7fd2c95"
  },
  "lib/rain.flare": {
    "rev": "f5a3946a28b51ea5989b753dceebd639a55bde6f"
  },
  "lib/rain.math.fixedpoint": {
    "rev": "6f8f7f8c79fd23b00aa5b9bda1171712e200023c"
  },
  "lib/rain.string": {
    "rev": "452e4b85f04c08ea8ab9b4b7b7a8ce49e9b24aa9"
  },
  "lib/rain.tier.interface": {
    "rev": "047096f4b95535dbaf86c1fb4d5eedf6052cae6e"
  },
  "lib/rain.verify.interface": {
    "rev": "2c6942e5f1f96783f6173d59817e3de6e47e93ff"
  },
  "lib/solady": {
    "rev": "d223d4347d0866cc7692747edf9c8a7be0d3d047"
  }
}