{
  "lib/forge-std": {
    "rev": "b8f065fda83b8cd94a6b2fec8fcd911dc3b444fd"
  },
  "lib/openzeppelin-contracts": {
    "tag": {
      "name": "v5.5.0",
      "rev": "fcbae5394ae8ad52d8e580a3477db99814b9d565"
    }
  },
  "lib/openzeppelin-contracts-upgradeable": {
    "rev": "aa677e9d28ed78fc427ec47ba2baef2030c58e7c"
  },
  "lib/rain.factory": {
    "rev": "f84537a6ba5de3e482d3011301c0dc6285514643"
  },
  "lib/rain.flare": {
    "rev": "ee9334e9754814ac516c05a714c6c7bb4aa4b9f8"
  },
  "lib/rain.math.fixedpoint": {
    "rev": "1752e9fbd635901ac7eb177699681ed97290e12e"
  },
  "lib/rain.pyth": {
    "rev": "99f4304c5725ec9aaa9d89c3b344de840899e386"
  },
  "lib/rain.verify.interface": {
    "rev": "9ce9de169ede1098be98199f084bf7145e6311e4"
  },
  "lib/solady": {
    "rev": "836c169fe357b3c23ad5d5755a9b4fbbfad7a99b"
  }
}