{
  "lib/forge-std": {
    "rev": "b8f065fda83b8cd94a6b2fec8fcd911dc3b444fd"
  },
  "lib/openzeppelin-contracts": {
    "tag": {
      "name": "v5.5.0",
      "rev": "fcbae5394ae8ad52d8e580a3477db99814b9d565"
    }
  },
  "lib/openzeppelin-contracts-upgradeable": {
    "rev": "aa677e9d28ed78fc427ec47ba2baef2030c58e7c"
  },
  "lib/rain.factory": {
    "rev": "31157bb1b3ea7201d5439e0689492b5b90391bd1"
  },
  "lib/rain.flare": {
    "rev": "ee9334e9754814ac516c05a714c6c7bb4aa4b9f8"
  },
  "lib/rain.math.fixedpoint": {
    "rev": "1752e9fbd635901ac7eb177699681ed97290e12e"
  },
  "lib/rain.pyth": {
    "rev": "e7a45068d5aac93e92aec55d7bf1f58e66319a53"
  },
  "lib/rain.verify.interface": {
    "rev": "7ade3ace52c2e5e1f5e4b34bc30ea161ea7630f3"
  },
  "lib/solady": {
    "rev": "836c169fe357b3c23ad5d5755a9b4fbbfad7a99b"
  }
}